{
  "object": {
    "pins": [
      {
        "package": "LHHelpers",
        "repositoryURL": "https://github.com/luizhammeli/LHHelpers",
        "state": {
          "branch": null,
          "revision": "e61af09c4647cda758cae442d32fd46c199140d3",
          "version": "1.0.2"
        }
      },
      {
        "package": "swift-snapshot-testing",
        "repositoryURL": "https://github.com/pointfreeco/swift-snapshot-testing",
        "state": {
          "branch": null,
          "revision": "696b86a6d151578bca7c1a2a3ed419a5f834d40f",
          "version": "1.13.0"
        }
      },
      {
        "package": "swift-syntax",
        "repositoryURL": "https://github.com/apple/swift-syntax.git",
        "state": {
          "branch": null,
          "revision": "74203046135342e4a4a627476dd6caf8b28fe11b",
          "version": "509.0.0"
        }
      }
    ]
  },
  "version": 1
}
