{
  "pins" : [
    {
      "identity" : "lhdscomponents",
      "kind" : "remoteSourceControl",
      "location" : "https://github.com/luizhammeli/LHDSComponents",
      "state" : {
        "branch" : "main",
        "revision" : "cbdfcea6e98e7feacee136381cea0eb6c207f10c"
      }
    },
    {
      "identity" : "lhhelpers",
      "kind" : "remoteSourceControl",
      "location" : "https://github.com/luizhammeli/LHHelpers.git",
      "state" : {
        "revision" : "015656e276f4fb33f580f7706ddadd8229d10c92",
        "version" : "1.0.1"
      }
    }
  ],
  "version" : 2
}
