// !$*UTF8*$!
{
	archiveVersion = 1;
	classes = {
	};
	objectVersion = 51;
	objects = {

/* Begin PBXBuildFile section */
		19EB97FC9A5E96D6E72F7E31 /* AppDelegate.swift in Sources */ = {isa = PBXBuildFile; fileRef = 0CE105D5B38FF7C068E39A32 /* AppDelegate.swift */; };
		20DB2E5A274D8939F419E1BD /* CategoryMenuViewController.swift in Sources */ = {isa = PBXBuildFile; fileRef = B90F127A27562BB2A7A8FBC3 /* CategoryMenuViewController.swift */; };
		2AB33261BAED1C56D1F4FE4C /* ComponentsSampleAppUITests.swift in Sources */ = {isa = PBXBuildFile; fileRef = B4E4C904415F64DAAD503648 /* ComponentsSampleAppUITests.swift */; };
		2EB033DF7A5169956972A7A2 /* Assets.xcassets in Resources */ = {isa = PBXBuildFile; fileRef = D855A668FFAD32B684442038 /* Assets.xcassets */; };
		363201F47B8804E8790B89F9 /* Category.swift in Sources */ = {isa = PBXBuildFile; fileRef = AB28057C0D332F2962BD2360 /* Category.swift */; };
		38709D7926CEAC8508AE79B2 /* CategoryMenuViewModel.swift in Sources */ = {isa = PBXBuildFile; fileRef = D296EE7FA8A4A2FAF6BFD1C4 /* CategoryMenuViewModel.swift */; };
		4010AFDF6FB98C035CF206FF /* Main.storyboard in Resources */ = {isa = PBXBuildFile; fileRef = 59D46EFD81CC84646FF9F913 /* Main.storyboard */; };
		53F177933A458595E25EE617 /* SubcategoryMenuViewController.swift in Sources */ = {isa = PBXBuildFile; fileRef = D8694D716A501B7A2FC2136B /* SubcategoryMenuViewController.swift */; };
		598F23F4D4C83237B96BA5C1 /* ComponentsSampleAppTests.swift in Sources */ = {isa = PBXBuildFile; fileRef = 093CC7BC9058F920944D0C5B /* ComponentsSampleAppTests.swift */; };
		60B2650DB87A5999B7212A1C /* LaunchScreen.storyboard in Resources */ = {isa = PBXBuildFile; fileRef = 0A4582B1B9BA3C1AB947E5F6 /* LaunchScreen.storyboard */; };
		63DD8B8A1C4832BF5FD8DD11 /* TagViewController.swift in Sources */ = {isa = PBXBuildFile; fileRef = AF13CF88548ABDB3B3069086 /* TagViewController.swift */; };
		80838F6E2A3AC7325E1F3541 /* LHDSComponents in Frameworks */ = {isa = PBXBuildFile; productRef = 3109BFBE336F408E867C6829 /* LHDSComponents */; };
		8BB3745A4C90562E4400532A /* LHDSComponents in Frameworks */ = {isa = PBXBuildFile; productRef = 81437F9CB456EC2D4C7AD067 /* LHDSComponents */; };
		C19F18F7FBD68B2CFB9C42DD /* ComponentsSampleAppUITestsLaunchTests.swift in Sources */ = {isa = PBXBuildFile; fileRef = 6AA92EA8BA7A2152CC2E6E56 /* ComponentsSampleAppUITestsLaunchTests.swift */; };
		D4FBC00D8AF33BBF09F5BDA5 /* Subcategory.swift in Sources */ = {isa = PBXBuildFile; fileRef = 5227E7A7428094046FE99BC2 /* Subcategory.swift */; };
		E95011DD606D4CE51B658804 /* LHDSComponents in Frameworks */ = {isa = PBXBuildFile; productRef = 96BF0E948CED904417B83C8B /* LHDSComponents */; };
		F0667B99C1753D9458691336 /* SceneDelegate.swift in Sources */ = {isa = PBXBuildFile; fileRef = D6632D28C59A03B31FF695B8 /* SceneDelegate.swift */; };
/* End PBXBuildFile section */

/* Begin PBXContainerItemProxy section */
		3A6DB00DD0B1464F84BF93E4 /* PBXContainerItemProxy */ = {
			isa = PBXContainerItemProxy;
			containerPortal = CEE74DD1EBF7863B3F490367 /* Project object */;
			proxyType = 1;
			remoteGlobalIDString = 1FFE4821B15B5B0627711BF6;
			remoteInfo = ComponentsSampleApp;
		};
		D1CB6437CEAB6FB684D08878 /* PBXContainerItemProxy */ = {
			isa = PBXContainerItemProxy;
			containerPortal = CEE74DD1EBF7863B3F490367 /* Project object */;
			proxyType = 1;
			remoteGlobalIDString = 1FFE4821B15B5B0627711BF6;
			remoteInfo = ComponentsSampleApp;
		};
/* End PBXContainerItemProxy section */

/* Begin PBXFileReference section */
		093CC7BC9058F920944D0C5B /* ComponentsSampleAppTests.swift */ = {isa = PBXFileReference; lastKnownFileType = sourcecode.swift; path = ComponentsSampleAppTests.swift; sourceTree = "<group>"; };
		0AD8A3D7E33798B82A420149 /* ComponentsSampleAppTests.xctest */ = {isa = PBXFileReference; includeInIndex = 0; lastKnownFileType = wrapper.cfbundle; path = ComponentsSampleAppTests.xctest; sourceTree = BUILT_PRODUCTS_DIR; };
		0CE105D5B38FF7C068E39A32 /* AppDelegate.swift */ = {isa = PBXFileReference; lastKnownFileType = sourcecode.swift; path = AppDelegate.swift; sourceTree = "<group>"; };
		5227E7A7428094046FE99BC2 /* Subcategory.swift */ = {isa = PBXFileReference; lastKnownFileType = sourcecode.swift; path = Subcategory.swift; sourceTree = "<group>"; };
		5F67AFA0A8E034B01E3908AE /* Info.plist */ = {isa = PBXFileReference; lastKnownFileType = text.plist; path = Info.plist; sourceTree = "<group>"; };
		6A3D1F059B090267FBD56FB1 /* ComponentsSampleApp.app */ = {isa = PBXFileReference; includeInIndex = 0; lastKnownFileType = wrapper.application; path = ComponentsSampleApp.app; sourceTree = BUILT_PRODUCTS_DIR; };
		6AA92EA8BA7A2152CC2E6E56 /* ComponentsSampleAppUITestsLaunchTests.swift */ = {isa = PBXFileReference; lastKnownFileType = sourcecode.swift; path = ComponentsSampleAppUITestsLaunchTests.swift; sourceTree = "<group>"; };
		71BB57CC0C93A9D696BF0C9D /* Info.plist */ = {isa = PBXFileReference; lastKnownFileType = text.plist; path = Info.plist; sourceTree = "<group>"; };
		AB28057C0D332F2962BD2360 /* Category.swift */ = {isa = PBXFileReference; lastKnownFileType = sourcecode.swift; path = Category.swift; sourceTree = "<group>"; };
		AF13CF88548ABDB3B3069086 /* TagViewController.swift */ = {isa = PBXFileReference; lastKnownFileType = sourcecode.swift; path = TagViewController.swift; sourceTree = "<group>"; };
		B4E4C904415F64DAAD503648 /* ComponentsSampleAppUITests.swift */ = {isa = PBXFileReference; lastKnownFileType = sourcecode.swift; path = ComponentsSampleAppUITests.swift; sourceTree = "<group>"; };
		B90F127A27562BB2A7A8FBC3 /* CategoryMenuViewController.swift */ = {isa = PBXFileReference; lastKnownFileType = sourcecode.swift; path = CategoryMenuViewController.swift; sourceTree = "<group>"; };
		BAD21B42A185E4E17FEC6BB9 /* ComponentsSampleAppUITests.xctest */ = {isa = PBXFileReference; includeInIndex = 0; lastKnownFileType = wrapper.cfbundle; path = ComponentsSampleAppUITests.xctest; sourceTree = BUILT_PRODUCTS_DIR; };
		BEA63D3B0B3D69B08AD18653 /* Base */ = {isa = PBXFileReference; lastKnownFileType = file.storyboard; name = Base; path = Base.lproj/Main.storyboard; sourceTree = "<group>"; };
		C3B32BED5A20A9899FDC50FB /* Base */ = {isa = PBXFileReference; lastKnownFileType = file.storyboard; name = Base; path = Base.lproj/LaunchScreen.storyboard; sourceTree = "<group>"; };
		C5CDF25FE1E9D264FABE7E3A /* Info.plist */ = {isa = PBXFileReference; lastKnownFileType = text.plist; path = Info.plist; sourceTree = "<group>"; };
		D296EE7FA8A4A2FAF6BFD1C4 /* CategoryMenuViewModel.swift */ = {isa = PBXFileReference; lastKnownFileType = sourcecode.swift; path = CategoryMenuViewModel.swift; sourceTree = "<group>"; };
		D6632D28C59A03B31FF695B8 /* SceneDelegate.swift */ = {isa = PBXFileReference; lastKnownFileType = sourcecode.swift; path = SceneDelegate.swift; sourceTree = "<group>"; };
		D855A668FFAD32B684442038 /* Assets.xcassets */ = {isa = PBXFileReference; lastKnownFileType = folder.assetcatalog; path = Assets.xcassets; sourceTree = "<group>"; };
		D8694D716A501B7A2FC2136B /* SubcategoryMenuViewController.swift */ = {isa = PBXFileReference; lastKnownFileType = sourcecode.swift; path = SubcategoryMenuViewController.swift; sourceTree = "<group>"; };
/* End PBXFileReference section */

/* Begin PBXFrameworksBuildPhase section */
		33B0BC6AC450DC9C3619EC7E /* Frameworks */ = {
			isa = PBXFrameworksBuildPhase;
			buildActionMask = 2147483647;
			files = (
				80838F6E2A3AC7325E1F3541 /* LHDSComponents in Frameworks */,
			);
			runOnlyForDeploymentPostprocessing = 0;
		};
		46F39BADC743228A48EB654C /* Frameworks */ = {
			isa = PBXFrameworksBuildPhase;
			buildActionMask = 2147483647;
			files = (
				E95011DD606D4CE51B658804 /* LHDSComponents in Frameworks */,
			);
			runOnlyForDeploymentPostprocessing = 0;
		};
		8A7E3B6C898C7D1FDE448E06 /* Frameworks */ = {
			isa = PBXFrameworksBuildPhase;
			buildActionMask = 2147483647;
			files = (
				8BB3745A4C90562E4400532A /* LHDSComponents in Frameworks */,
			);
			runOnlyForDeploymentPostprocessing = 0;
		};
/* End PBXFrameworksBuildPhase section */

/* Begin PBXGroup section */
		036A16196485FD8577F4B60E /* ViewModel */ = {
			isa = PBXGroup;
			children = (
				D296EE7FA8A4A2FAF6BFD1C4 /* CategoryMenuViewModel.swift */,
			);
			path = ViewModel;
			sourceTree = "<group>";
		};
		14A7E88E883BE23F1687B778 /* Collections */ = {
			isa = PBXGroup;
			children = (
				AF13CF88548ABDB3B3069086 /* TagViewController.swift */,
			);
			path = Collections;
			sourceTree = "<group>";
		};
		1955F6C7EE58A0DB3116083E /* Models */ = {
			isa = PBXGroup;
			children = (
				AB28057C0D332F2962BD2360 /* Category.swift */,
				5227E7A7428094046FE99BC2 /* Subcategory.swift */,
			);
			path = Models;
			sourceTree = "<group>";
		};
		1A88D9F52F4A6910AABAD1E6 /* Components */ = {
			isa = PBXGroup;
			children = (
				14A7E88E883BE23F1687B778 /* Collections */,
			);
			path = Components;
			sourceTree = "<group>";
		};
		7EBBA04F154799573133705A /* ComponentsSampleAppUITests */ = {
			isa = PBXGroup;
			children = (
				B4E4C904415F64DAAD503648 /* ComponentsSampleAppUITests.swift */,
				6AA92EA8BA7A2152CC2E6E56 /* ComponentsSampleAppUITestsLaunchTests.swift */,
				5F67AFA0A8E034B01E3908AE /* Info.plist */,
			);
			path = ComponentsSampleAppUITests;
			sourceTree = "<group>";
		};
		93B28B7747D4CB8D411AC772 /* ComponentsSampleApp */ = {
			isa = PBXGroup;
			children = (
				0CE105D5B38FF7C068E39A32 /* AppDelegate.swift */,
				D855A668FFAD32B684442038 /* Assets.xcassets */,
				C5CDF25FE1E9D264FABE7E3A /* Info.plist */,
				0A4582B1B9BA3C1AB947E5F6 /* LaunchScreen.storyboard */,
				59D46EFD81CC84646FF9F913 /* Main.storyboard */,
				D6632D28C59A03B31FF695B8 /* SceneDelegate.swift */,
				D8694D716A501B7A2FC2136B /* SubcategoryMenuViewController.swift */,
				BA93E0582AA92A56B65D6F03 /* Controllers */,
				1955F6C7EE58A0DB3116083E /* Models */,
				036A16196485FD8577F4B60E /* ViewModel */,
			);
			path = ComponentsSampleApp;
			sourceTree = "<group>";
		};
		947AA3EAED9AD36E7C84A705 /* Products */ = {
			isa = PBXGroup;
			children = (
				6A3D1F059B090267FBD56FB1 /* ComponentsSampleApp.app */,
				0AD8A3D7E33798B82A420149 /* ComponentsSampleAppTests.xctest */,
				BAD21B42A185E4E17FEC6BB9 /* ComponentsSampleAppUITests.xctest */,
			);
			name = Products;
			sourceTree = "<group>";
		};
		9C0FCFC61BFB4EAC1195D446 /* ComponentsSampleAppTests */ = {
			isa = PBXGroup;
			children = (
				093CC7BC9058F920944D0C5B /* ComponentsSampleAppTests.swift */,
				71BB57CC0C93A9D696BF0C9D /* Info.plist */,
			);
			path = ComponentsSampleAppTests;
			sourceTree = "<group>";
		};
		A0CB182C5246E59A2A98E031 = {
			isa = PBXGroup;
			children = (
				93B28B7747D4CB8D411AC772 /* ComponentsSampleApp */,
				9C0FCFC61BFB4EAC1195D446 /* ComponentsSampleAppTests */,
				7EBBA04F154799573133705A /* ComponentsSampleAppUITests */,
				947AA3EAED9AD36E7C84A705 /* Products */,
			);
			sourceTree = "<group>";
		};
		BA93E0582AA92A56B65D6F03 /* Controllers */ = {
			isa = PBXGroup;
			children = (
				B90F127A27562BB2A7A8FBC3 /* CategoryMenuViewController.swift */,
				1A88D9F52F4A6910AABAD1E6 /* Components */,
			);
			path = Controllers;
			sourceTree = "<group>";
		};
/* End PBXGroup section */

/* Begin PBXNativeTarget section */
		1FFE4821B15B5B0627711BF6 /* ComponentsSampleApp */ = {
			isa = PBXNativeTarget;
			buildConfigurationList = 21C657E7608D33FD621A097E /* Build configuration list for PBXNativeTarget "ComponentsSampleApp" */;
			buildPhases = (
				F81F54A0D7A2867F556D6CD1 /* Sources */,
				E943D65F0D9AEAC626EFA7B7 /* Resources */,
				46F39BADC743228A48EB654C /* Frameworks */,
			);
			buildRules = (
			);
			dependencies = (
			);
			name = ComponentsSampleApp;
			packageProductDependencies = (
				96BF0E948CED904417B83C8B /* LHDSComponents */,
			);
			productName = ComponentsSampleApp;
			productReference = 6A3D1F059B090267FBD56FB1 /* ComponentsSampleApp.app */;
			productType = "com.apple.product-type.application";
		};
		4B80F9846E02588BD7EF56AB /* ComponentsSampleAppTests */ = {
			isa = PBXNativeTarget;
			buildConfigurationList = 0EE678BA98F71ECA869F9BF3 /* Build configuration list for PBXNativeTarget "ComponentsSampleAppTests" */;
			buildPhases = (
				3E28EE546A62CDCA723DFBE4 /* Sources */,
				33B0BC6AC450DC9C3619EC7E /* Frameworks */,
			);
			buildRules = (
			);
			dependencies = (
				A0E10EF0EF2AAED43A5843C4 /* PBXTargetDependency */,
			);
			name = ComponentsSampleAppTests;
			packageProductDependencies = (
				3109BFBE336F408E867C6829 /* LHDSComponents */,
			);
			productName = ComponentsSampleAppTests;
			productReference = 0AD8A3D7E33798B82A420149 /* ComponentsSampleAppTests.xctest */;
			productType = "com.apple.product-type.bundle.unit-test";
		};
		62C5EFE6C301006F14D7CB75 /* ComponentsSampleAppUITests */ = {
			isa = PBXNativeTarget;
			buildConfigurationList = BEB05B1C6AB145BCDA36DB6D /* Build configuration list for PBXNativeTarget "ComponentsSampleAppUITests" */;
			buildPhases = (
				897FBB291C28E26B4CF6458F /* Sources */,
				8A7E3B6C898C7D1FDE448E06 /* Frameworks */,
			);
			buildRules = (
			);
			dependencies = (
				1F6265B2B0D7D57BF943ADD7 /* PBXTargetDependency */,
			);
			name = ComponentsSampleAppUITests;
			packageProductDependencies = (
				81437F9CB456EC2D4C7AD067 /* LHDSComponents */,
			);
			productName = ComponentsSampleAppUITests;
			productReference = BAD21B42A185E4E17FEC6BB9 /* ComponentsSampleAppUITests.xctest */;
			productType = "com.apple.product-type.bundle.ui-testing";
		};
/* End PBXNativeTarget section */

/* Begin PBXProject section */
		CEE74DD1EBF7863B3F490367 /* Project object */ = {
			isa = PBXProject;
			attributes = {
				LastUpgradeCheck = 1420;
				TargetAttributes = {
					62C5EFE6C301006F14D7CB75 = {
						TestTargetID = 1FFE4821B15B5B0627711BF6;
					};
				};
			};
			buildConfigurationList = 7B799744B288E9C7F4BF0C4B /* Build configuration list for PBXProject "ComponentsSampleApp" */;
			compatibilityVersion = "Xcode 11.0";
			developmentRegion = "pt-BR";
			hasScannedForEncodings = 0;
			knownRegions = (
				Base,
				"pt-BR",
			);
			mainGroup = A0CB182C5246E59A2A98E031;
			packageReferences = (
				4B8EFC25BBC73A36067C0BDF /* XCRemoteSwiftPackageReference "LHDSComponents" */,
			);
			projectDirPath = "";
			projectRoot = "";
			targets = (
				1FFE4821B15B5B0627711BF6 /* ComponentsSampleApp */,
				4B80F9846E02588BD7EF56AB /* ComponentsSampleAppTests */,
				62C5EFE6C301006F14D7CB75 /* ComponentsSampleAppUITests */,
			);
		};
/* End PBXProject section */

/* Begin PBXResourcesBuildPhase section */
		E943D65F0D9AEAC626EFA7B7 /* Resources */ = {
			isa = PBXResourcesBuildPhase;
			buildActionMask = 2147483647;
			files = (
				2EB033DF7A5169956972A7A2 /* Assets.xcassets in Resources */,
				60B2650DB87A5999B7212A1C /* LaunchScreen.storyboard in Resources */,
				4010AFDF6FB98C035CF206FF /* Main.storyboard in Resources */,
			);
			runOnlyForDeploymentPostprocessing = 0;
		};
/* End PBXResourcesBuildPhase section */

/* Begin PBXSourcesBuildPhase section */
		3E28EE546A62CDCA723DFBE4 /* Sources */ = {
			isa = PBXSourcesBuildPhase;
			buildActionMask = 2147483647;
			files = (
				598F23F4D4C83237B96BA5C1 /* ComponentsSampleAppTests.swift in Sources */,
			);
			runOnlyForDeploymentPostprocessing = 0;
		};
		897FBB291C28E26B4CF6458F /* Sources */ = {
			isa = PBXSourcesBuildPhase;
			buildActionMask = 2147483647;
			files = (
				2AB33261BAED1C56D1F4FE4C /* ComponentsSampleAppUITests.swift in Sources */,
				C19F18F7FBD68B2CFB9C42DD /* ComponentsSampleAppUITestsLaunchTests.swift in Sources */,
			);
			runOnlyForDeploymentPostprocessing = 0;
		};
		F81F54A0D7A2867F556D6CD1 /* Sources */ = {
			isa = PBXSourcesBuildPhase;
			buildActionMask = 2147483647;
			files = (
				19EB97FC9A5E96D6E72F7E31 /* AppDelegate.swift in Sources */,
				363201F47B8804E8790B89F9 /* Category.swift in Sources */,
				20DB2E5A274D8939F419E1BD /* CategoryMenuViewController.swift in Sources */,
				38709D7926CEAC8508AE79B2 /* CategoryMenuViewModel.swift in Sources */,
				F0667B99C1753D9458691336 /* SceneDelegate.swift in Sources */,
				D4FBC00D8AF33BBF09F5BDA5 /* Subcategory.swift in Sources */,
				53F177933A458595E25EE617 /* SubcategoryMenuViewController.swift in Sources */,
				63DD8B8A1C4832BF5FD8DD11 /* TagViewController.swift in Sources */,
			);
			runOnlyForDeploymentPostprocessing = 0;
		};
/* End PBXSourcesBuildPhase section */

/* Begin PBXTargetDependency section */
		1F6265B2B0D7D57BF943ADD7 /* PBXTargetDependency */ = {
			isa = PBXTargetDependency;
			target = 1FFE4821B15B5B0627711BF6 /* ComponentsSampleApp */;
			targetProxy = 3A6DB00DD0B1464F84BF93E4 /* PBXContainerItemProxy */;
		};
		A0E10EF0EF2AAED43A5843C4 /* PBXTargetDependency */ = {
			isa = PBXTargetDependency;
			target = 1FFE4821B15B5B0627711BF6 /* ComponentsSampleApp */;
			targetProxy = D1CB6437CEAB6FB684D08878 /* PBXContainerItemProxy */;
		};
/* End PBXTargetDependency section */

/* Begin PBXVariantGroup section */
		0A4582B1B9BA3C1AB947E5F6 /* LaunchScreen.storyboard */ = {
			isa = PBXVariantGroup;
			children = (
				C3B32BED5A20A9899FDC50FB /* Base */,
			);
			name = LaunchScreen.storyboard;
			sourceTree = "<group>";
		};
		59D46EFD81CC84646FF9F913 /* Main.storyboard */ = {
			isa = PBXVariantGroup;
			children = (
				BEA63D3B0B3D69B08AD18653 /* Base */,
			);
			name = Main.storyboard;
			sourceTree = "<group>";
		};
/* End PBXVariantGroup section */

/* Begin XCBuildConfiguration section */
		0A3C78302D32C577FDFE339D /* Release */ = {
			isa = XCBuildConfiguration;
			buildSettings = {
				ALWAYS_SEARCH_USER_PATHS = NO;
				ARCHS = "$(ARCHS_STANDARD)";
				CLANG_ANALYZER_NONNULL = YES;
				CLANG_ANALYZER_NUMBER_OBJECT_CONVERSION = YES_AGGRESSIVE;
				CLANG_CXX_LANGUAGE_STANDARD = "gnu++14";
				CLANG_CXX_LIBRARY = "libc++";
				CLANG_ENABLE_MODULES = YES;
				CLANG_ENABLE_OBJC_ARC = YES;
				CLANG_ENABLE_OBJC_WEAK = YES;
				CLANG_WARN_BLOCK_CAPTURE_AUTORELEASING = YES;
				CLANG_WARN_BOOL_CONVERSION = YES;
				CLANG_WARN_COMMA = YES;
				CLANG_WARN_CONSTANT_CONVERSION = YES;
				CLANG_WARN_DEPRECATED_OBJC_IMPLEMENTATIONS = YES;
				CLANG_WARN_DIRECT_OBJC_ISA_USAGE = YES_ERROR;
				CLANG_WARN_DOCUMENTATION_COMMENTS = YES;
				CLANG_WARN_EMPTY_BODY = YES;
				CLANG_WARN_ENUM_CONVERSION = YES;
				CLANG_WARN_INFINITE_RECURSION = YES;
				CLANG_WARN_INT_CONVERSION = YES;
				CLANG_WARN_NON_LITERAL_NULL_CONVERSION = YES;
				CLANG_WARN_OBJC_IMPLICIT_RETAIN_SELF = YES;
				CLANG_WARN_OBJC_LITERAL_CONVERSION = YES;
				CLANG_WARN_OBJC_ROOT_CLASS = YES_ERROR;
				CLANG_WARN_QUOTED_INCLUDE_IN_FRAMEWORK_HEADER = YES;
				CLANG_WARN_RANGE_LOOP_ANALYSIS = YES;
				CLANG_WARN_STRICT_PROTOTYPES = YES;
				CLANG_WARN_SUSPICIOUS_MOVE = YES;
				CLANG_WARN_UNGUARDED_AVAILABILITY = YES_AGGRESSIVE;
				CLANG_WARN_UNREACHABLE_CODE = YES;
				CLANG_WARN__DUPLICATE_METHOD_MATCH = YES;
				CODE_SIGN_IDENTITY = "";
				COPY_PHASE_STRIP = NO;
				DEBUG_INFORMATION_FORMAT = "dwarf-with-dsym";
				ENABLE_NS_ASSERTIONS = NO;
				ENABLE_STRICT_OBJC_MSGSEND = YES;
				GCC_C_LANGUAGE_STANDARD = gnu11;
				GCC_NO_COMMON_BLOCKS = YES;
				GCC_WARN_64_TO_32_BIT_CONVERSION = YES;
				GCC_WARN_ABOUT_RETURN_TYPE = YES_ERROR;
				GCC_WARN_UNDECLARED_SELECTOR = YES;
				GCC_WARN_UNINITIALIZED_AUTOS = YES_AGGRESSIVE;
				GCC_WARN_UNUSED_FUNCTION = YES;
				GCC_WARN_UNUSED_VARIABLE = YES;
				IPHONEOS_DEPLOYMENT_TARGET = 14.0;
				MARKETING_VERSION = 1.0;
				MTL_ENABLE_DEBUG_INFO = NO;
				MTL_FAST_MATH = YES;
				PRODUCT_NAME = "$(TARGET_NAME)";
				SDKROOT = iphoneos;
				SWIFT_COMPILATION_MODE = wholemodule;
				SWIFT_OPTIMIZATION_LEVEL = "-O";
				SWIFT_VERSION = 5.7;
				VERSIONING_SYSTEM = "apple-generic";
			};
			name = Release;
		};
		19981B81D4D14A75A7A7C353 /* Debug */ = {
			isa = XCBuildConfiguration;
			buildSettings = {
				BUNDLE_LOADER = "$(TEST_HOST)";
				INFOPLIST_FILE = ComponentsSampleAppUITests/Info.plist;
				LD_RUNPATH_SEARCH_PATHS = (
					"$(inherited)",
					"@executable_path/Frameworks",
					"@loader_path/Frameworks",
				);
				PRODUCT_BUNDLE_IDENTIFIER = br.com.luizhammerli.ComponentsSampleAppUITests;
				SDKROOT = iphoneos;
				TARGETED_DEVICE_FAMILY = "1,2";
				TEST_TARGET_NAME = ComponentsSampleApp;
			};
			name = Debug;
		};
		2491A84EA957B0E8E483BAF4 /* Debug */ = {
			isa = XCBuildConfiguration;
			buildSettings = {
				BUNDLE_LOADER = "$(TEST_HOST)";
				INFOPLIST_FILE = ComponentsSampleAppTests/Info.plist;
				LD_RUNPATH_SEARCH_PATHS = (
					"$(inherited)",
					"@executable_path/Frameworks",
					"@loader_path/Frameworks",
				);
				PRODUCT_BUNDLE_IDENTIFIER = br.com.luizhammerli.ComponentsSampleAppTests;
				SDKROOT = iphoneos;
				TARGETED_DEVICE_FAMILY = "1,2";
				TEST_HOST = "$(BUILT_PRODUCTS_DIR)/ComponentsSampleApp.app/ComponentsSampleApp";
			};
			name = Debug;
		};
		36F8C2DC875D6204B6237A68 /* Debug */ = {
			isa = XCBuildConfiguration;
			buildSettings = {
				ALWAYS_SEARCH_USER_PATHS = NO;
				ARCHS = "$(ARCHS_STANDARD)";
				CLANG_ANALYZER_NONNULL = YES;
				CLANG_ANALYZER_NUMBER_OBJECT_CONVERSION = YES_AGGRESSIVE;
				CLANG_CXX_LANGUAGE_STANDARD = "gnu++14";
				CLANG_CXX_LIBRARY = "libc++";
				CLANG_ENABLE_MODULES = YES;
				CLANG_ENABLE_OBJC_ARC = YES;
				CLANG_ENABLE_OBJC_WEAK = YES;
				CLANG_WARN_BLOCK_CAPTURE_AUTORELEASING = YES;
				CLANG_WARN_BOOL_CONVERSION = YES;
				CLANG_WARN_COMMA = YES;
				CLANG_WARN_CONSTANT_CONVERSION = YES;
				CLANG_WARN_DEPRECATED_OBJC_IMPLEMENTATIONS = YES;
				CLANG_WARN_DIRECT_OBJC_ISA_USAGE = YES_ERROR;
				CLANG_WARN_DOCUMENTATION_COMMENTS = YES;
				CLANG_WARN_EMPTY_BODY = YES;
				CLANG_WARN_ENUM_CONVERSION = YES;
				CLANG_WARN_INFINITE_RECURSION = YES;
				CLANG_WARN_INT_CONVERSION = YES;
				CLANG_WARN_NON_LITERAL_NULL_CONVERSION = YES;
				CLANG_WARN_OBJC_IMPLICIT_RETAIN_SELF = YES;
				CLANG_WARN_OBJC_LITERAL_CONVERSION = YES;
				CLANG_WARN_OBJC_ROOT_CLASS = YES_ERROR;
				CLANG_WARN_QUOTED_INCLUDE_IN_FRAMEWORK_HEADER = YES;
				CLANG_WARN_RANGE_LOOP_ANALYSIS = YES;
				CLANG_WARN_STRICT_PROTOTYPES = YES;
				CLANG_WARN_SUSPICIOUS_MOVE = YES;
				CLANG_WARN_UNGUARDED_AVAILABILITY = YES_AGGRESSIVE;
				CLANG_WARN_UNREACHABLE_CODE = YES;
				CLANG_WARN__DUPLICATE_METHOD_MATCH = YES;
				CODE_SIGN_IDENTITY = "";
				COPY_PHASE_STRIP = NO;
				DEBUG_INFORMATION_FORMAT = dwarf;
				ENABLE_STRICT_OBJC_MSGSEND = YES;
				ENABLE_TESTABILITY = YES;
				GCC_C_LANGUAGE_STANDARD = gnu11;
				GCC_DYNAMIC_NO_PIC = NO;
				GCC_NO_COMMON_BLOCKS = YES;
				GCC_OPTIMIZATION_LEVEL = 0;
				GCC_PREPROCESSOR_DEFINITIONS = (
					"$(inherited)",
					"DEBUG=1",
				);
				GCC_WARN_64_TO_32_BIT_CONVERSION = YES;
				GCC_WARN_ABOUT_RETURN_TYPE = YES_ERROR;
				GCC_WARN_UNDECLARED_SELECTOR = YES;
				GCC_WARN_UNINITIALIZED_AUTOS = YES_AGGRESSIVE;
				GCC_WARN_UNUSED_FUNCTION = YES;
				GCC_WARN_UNUSED_VARIABLE = YES;
				IPHONEOS_DEPLOYMENT_TARGET = 14.0;
				MARKETING_VERSION = 1.0;
				MTL_ENABLE_DEBUG_INFO = INCLUDE_SOURCE;
				MTL_FAST_MATH = YES;
				ONLY_ACTIVE_ARCH = YES;
				PRODUCT_NAME = "$(TARGET_NAME)";
				SDKROOT = iphoneos;
				SWIFT_ACTIVE_COMPILATION_CONDITIONS = DEBUG;
				SWIFT_OPTIMIZATION_LEVEL = "-Onone";
				SWIFT_VERSION = 5.7;
				VERSIONING_SYSTEM = "apple-generic";
			};
			name = Debug;
		};
		883A56857F151DEC35200EA5 /* Release */ = {
			isa = XCBuildConfiguration;
			buildSettings = {
				BUNDLE_LOADER = "$(TEST_HOST)";
				INFOPLIST_FILE = ComponentsSampleAppUITests/Info.plist;
				LD_RUNPATH_SEARCH_PATHS = (
					"$(inherited)",
					"@executable_path/Frameworks",
					"@loader_path/Frameworks",
				);
				PRODUCT_BUNDLE_IDENTIFIER = br.com.luizhammerli.ComponentsSampleAppUITests;
				SDKROOT = iphoneos;
				TARGETED_DEVICE_FAMILY = "1,2";
				TEST_TARGET_NAME = ComponentsSampleApp;
			};
			name = Release;
		};
		95AF28C671C0493D36117144 /* Release */ = {
			isa = XCBuildConfiguration;
			buildSettings = {
				ASSETCATALOG_COMPILER_APPICON_NAME = AppIcon;
				CODE_SIGN_IDENTITY = "";
				INFOPLIST_FILE = ComponentsSampleApp/Info.plist;
				LD_RUNPATH_SEARCH_PATHS = (
					"$(inherited)",
					"@executable_path/Frameworks",
				);
				PRODUCT_BUNDLE_IDENTIFIER = LuizHammerli.ComponentsSampleApp;
				PROVISIONING_PROFILE_SPECIFIER = "";
				SDKROOT = iphoneos;
				TARGETED_DEVICE_FAMILY = "1,2";
			};
			name = Release;
		};
		ED41D6DCA95A281765BDEFEA /* Debug */ = {
			isa = XCBuildConfiguration;
			buildSettings = {
				ASSETCATALOG_COMPILER_APPICON_NAME = AppIcon;
				CODE_SIGN_IDENTITY = "";
				INFOPLIST_FILE = ComponentsSampleApp/Info.plist;
				LD_RUNPATH_SEARCH_PATHS = (
					"$(inherited)",
					"@executable_path/Frameworks",
				);
				PRODUCT_BUNDLE_IDENTIFIER = LuizHammerli.ComponentsSampleApp;
				PROVISIONING_PROFILE_SPECIFIER = "";
				SDKROOT = iphoneos;
				TARGETED_DEVICE_FAMILY = "1,2";
			};
			name = Debug;
		};
		F7489C27B7F9E1A719569E88 /* Release */ = {
			isa = XCBuildConfiguration;
			buildSettings = {
				BUNDLE_LOADER = "$(TEST_HOST)";
				INFOPLIST_FILE = ComponentsSampleAppTests/Info.plist;
				LD_RUNPATH_SEARCH_PATHS = (
					"$(inherited)",
					"@executable_path/Frameworks",
					"@loader_path/Frameworks",
				);
				PRODUCT_BUNDLE_IDENTIFIER = br.com.luizhammerli.ComponentsSampleAppTests;
				SDKROOT = iphoneos;
				TARGETED_DEVICE_FAMILY = "1,2";
				TEST_HOST = "$(BUILT_PRODUCTS_DIR)/ComponentsSampleApp.app/ComponentsSampleApp";
			};
			name = Release;
		};
/* End XCBuildConfiguration section */

/* Begin XCConfigurationList section */
		0EE678BA98F71ECA869F9BF3 /* Build configuration list for PBXNativeTarget "ComponentsSampleAppTests" */ = {
			isa = XCConfigurationList;
			buildConfigurations = (
				2491A84EA957B0E8E483BAF4 /* Debug */,
				F7489C27B7F9E1A719569E88 /* Release */,
			);
			defaultConfigurationIsVisible = 0;
			defaultConfigurationName = Debug;
		};
		21C657E7608D33FD621A097E /* Build configuration list for PBXNativeTarget "ComponentsSampleApp" */ = {
			isa = XCConfigurationList;
			buildConfigurations = (
				ED41D6DCA95A281765BDEFEA /* Debug */,
				95AF28C671C0493D36117144 /* Release */,
			);
			defaultConfigurationIsVisible = 0;
			defaultConfigurationName = Debug;
		};
		7B799744B288E9C7F4BF0C4B /* Build configuration list for PBXProject "ComponentsSampleApp" */ = {
			isa = XCConfigurationList;
			buildConfigurations = (
				36F8C2DC875D6204B6237A68 /* Debug */,
				0A3C78302D32C577FDFE339D /* Release */,
			);
			defaultConfigurationIsVisible = 0;
			defaultConfigurationName = Debug;
		};
		BEB05B1C6AB145BCDA36DB6D /* Build configuration list for PBXNativeTarget "ComponentsSampleAppUITests" */ = {
			isa = XCConfigurationList;
			buildConfigurations = (
				19981B81D4D14A75A7A7C353 /* Debug */,
				883A56857F151DEC35200EA5 /* Release */,
			);
			defaultConfigurationIsVisible = 0;
			defaultConfigurationName = Debug;
		};
/* End XCConfigurationList section */

/* Begin XCRemoteSwiftPackageReference section */
		4B8EFC25BBC73A36067C0BDF /* XCRemoteSwiftPackageReference "LHDSComponents" */ = {
			isa = XCRemoteSwiftPackageReference;
			repositoryURL = "https://github.com/luizhammeli/LHDSComponents";
			requirement = {
				branch = main;
				kind = branch;
			};
		};
/* End XCRemoteSwiftPackageReference section */

/* Begin XCSwiftPackageProductDependency section */
		3109BFBE336F408E867C6829 /* LHDSComponents */ = {
			isa = XCSwiftPackageProductDependency;
			package = 4B8EFC25BBC73A36067C0BDF /* XCRemoteSwiftPackageReference "LHDSComponents" */;
			productName = LHDSComponents;
		};
		81437F9CB456EC2D4C7AD067 /* LHDSComponents */ = {
			isa = XCSwiftPackageProductDependency;
			package = 4B8EFC25BBC73A36067C0BDF /* XCRemoteSwiftPackageReference "LHDSComponents" */;
			productName = LHDSComponents;
		};
		96BF0E948CED904417B83C8B /* LHDSComponents */ = {
			isa = XCSwiftPackageProductDependency;
			package = 4B8EFC25BBC73A36067C0BDF /* XCRemoteSwiftPackageReference "LHDSComponents" */;
			productName = LHDSComponents;
		};
/* End XCSwiftPackageProductDependency section */
	};
	rootObject = CEE74DD1EBF7863B3F490367 /* Project object */;
}
