// !$*UTF8*$!
{
	archiveVersion = 1;
	classes = {
	};
	objectVersion = 56;
	objects = {

/* Begin PBXBuildFile section */
		252436502AB066CD00DC2566 /* AppDelegate.swift in Sources */ = {isa = PBXBuildFile; fileRef = 2524364F2AB066CD00DC2566 /* AppDelegate.swift */; };
		252436522AB066CD00DC2566 /* SceneDelegate.swift in Sources */ = {isa = PBXBuildFile; fileRef = 252436512AB066CD00DC2566 /* SceneDelegate.swift */; };
		252436542AB066CD00DC2566 /* CategoryMenuViewController.swift in Sources */ = {isa = PBXBuildFile; fileRef = 252436532AB066CD00DC2566 /* CategoryMenuViewController.swift */; };
		252436572AB066CD00DC2566 /* Main.storyboard in Resources */ = {isa = PBXBuildFile; fileRef = 252436552AB066CD00DC2566 /* Main.storyboard */; };
		252436592AB066CE00DC2566 /* Assets.xcassets in Resources */ = {isa = PBXBuildFile; fileRef = 252436582AB066CE00DC2566 /* Assets.xcassets */; };
		2524365C2AB066CE00DC2566 /* LaunchScreen.storyboard in Resources */ = {isa = PBXBuildFile; fileRef = 2524365A2AB066CE00DC2566 /* LaunchScreen.storyboard */; };
		252436672AB066CE00DC2566 /* ComponentsSampleAppTests.swift in Sources */ = {isa = PBXBuildFile; fileRef = 252436662AB066CE00DC2566 /* ComponentsSampleAppTests.swift */; };
		252436712AB066CE00DC2566 /* ComponentsSampleAppUITests.swift in Sources */ = {isa = PBXBuildFile; fileRef = 252436702AB066CE00DC2566 /* ComponentsSampleAppUITests.swift */; };
		252436732AB066CE00DC2566 /* ComponentsSampleAppUITestsLaunchTests.swift in Sources */ = {isa = PBXBuildFile; fileRef = 252436722AB066CE00DC2566 /* ComponentsSampleAppUITestsLaunchTests.swift */; };
		25C2C70F2AB205CD00D3E970 /* LHHelpers in Frameworks */ = {isa = PBXBuildFile; productRef = 25C2C70E2AB205CD00D3E970 /* LHHelpers */; };
		25C2C7122AB20C4100D3E970 /* LHDSComponents in Frameworks */ = {isa = PBXBuildFile; productRef = 25C2C7112AB20C4100D3E970 /* LHDSComponents */; };
		25C2C7142AB20C5A00D3E970 /* TagViewController.swift in Sources */ = {isa = PBXBuildFile; fileRef = 25C2C7132AB20C5A00D3E970 /* TagViewController.swift */; };
		25C2C7192AB2243900D3E970 /* Category.swift in Sources */ = {isa = PBXBuildFile; fileRef = 25C2C7182AB2243900D3E970 /* Category.swift */; };
		25C2C71B2AB2244600D3E970 /* Subcategory.swift in Sources */ = {isa = PBXBuildFile; fileRef = 25C2C71A2AB2244600D3E970 /* Subcategory.swift */; };
		25C2C7212AB2258600D3E970 /* CategoryMenuViewModel.swift in Sources */ = {isa = PBXBuildFile; fileRef = 25C2C7202AB2258600D3E970 /* CategoryMenuViewModel.swift */; };
		25C2C7232AB225A400D3E970 /* SubcategoryMenuViewController.swift in Sources */ = {isa = PBXBuildFile; fileRef = 25C2C7222AB225A400D3E970 /* SubcategoryMenuViewController.swift */; };
/* End PBXBuildFile section */

/* Begin PBXContainerItemProxy section */
		252436632AB066CE00DC2566 /* PBXContainerItemProxy */ = {
			isa = PBXContainerItemProxy;
			containerPortal = 252436442AB066CD00DC2566 /* Project object */;
			proxyType = 1;
			remoteGlobalIDString = 2524364B2AB066CD00DC2566;
			remoteInfo = ComponentsSampleApp;
		};
		2524366D2AB066CE00DC2566 /* PBXContainerItemProxy */ = {
			isa = PBXContainerItemProxy;
			containerPortal = 252436442AB066CD00DC2566 /* Project object */;
			proxyType = 1;
			remoteGlobalIDString = 2524364B2AB066CD00DC2566;
			remoteInfo = ComponentsSampleApp;
		};
/* End PBXContainerItemProxy section */

/* Begin PBXFileReference section */
		2524364C2AB066CD00DC2566 /* ComponentsSampleApp.app */ = {isa = PBXFileReference; explicitFileType = wrapper.application; includeInIndex = 0; path = ComponentsSampleApp.app; sourceTree = BUILT_PRODUCTS_DIR; };
		2524364F2AB066CD00DC2566 /* AppDelegate.swift */ = {isa = PBXFileReference; lastKnownFileType = sourcecode.swift; path = AppDelegate.swift; sourceTree = "<group>"; };
		252436512AB066CD00DC2566 /* SceneDelegate.swift */ = {isa = PBXFileReference; lastKnownFileType = sourcecode.swift; path = SceneDelegate.swift; sourceTree = "<group>"; };
		252436532AB066CD00DC2566 /* CategoryMenuViewController.swift */ = {isa = PBXFileReference; lastKnownFileType = sourcecode.swift; path = CategoryMenuViewController.swift; sourceTree = "<group>"; };
		252436562AB066CD00DC2566 /* Base */ = {isa = PBXFileReference; lastKnownFileType = file.storyboard; name = Base; path = Base.lproj/Main.storyboard; sourceTree = "<group>"; };
		252436582AB066CE00DC2566 /* Assets.xcassets */ = {isa = PBXFileReference; lastKnownFileType = folder.assetcatalog; path = Assets.xcassets; sourceTree = "<group>"; };
		2524365B2AB066CE00DC2566 /* Base */ = {isa = PBXFileReference; lastKnownFileType = file.storyboard; name = Base; path = Base.lproj/LaunchScreen.storyboard; sourceTree = "<group>"; };
		2524365D2AB066CE00DC2566 /* Info.plist */ = {isa = PBXFileReference; lastKnownFileType = text.plist.xml; path = Info.plist; sourceTree = "<group>"; };
		252436622AB066CE00DC2566 /* ComponentsSampleAppTests.xctest */ = {isa = PBXFileReference; explicitFileType = wrapper.cfbundle; includeInIndex = 0; path = ComponentsSampleAppTests.xctest; sourceTree = BUILT_PRODUCTS_DIR; };
		252436662AB066CE00DC2566 /* ComponentsSampleAppTests.swift */ = {isa = PBXFileReference; lastKnownFileType = sourcecode.swift; path = ComponentsSampleAppTests.swift; sourceTree = "<group>"; };
		2524366C2AB066CE00DC2566 /* ComponentsSampleAppUITests.xctest */ = {isa = PBXFileReference; explicitFileType = wrapper.cfbundle; includeInIndex = 0; path = ComponentsSampleAppUITests.xctest; sourceTree = BUILT_PRODUCTS_DIR; };
		252436702AB066CE00DC2566 /* ComponentsSampleAppUITests.swift */ = {isa = PBXFileReference; lastKnownFileType = sourcecode.swift; path = ComponentsSampleAppUITests.swift; sourceTree = "<group>"; };
		252436722AB066CE00DC2566 /* ComponentsSampleAppUITestsLaunchTests.swift */ = {isa = PBXFileReference; lastKnownFileType = sourcecode.swift; path = ComponentsSampleAppUITestsLaunchTests.swift; sourceTree = "<group>"; };
		25C2C7132AB20C5A00D3E970 /* TagViewController.swift */ = {isa = PBXFileReference; lastKnownFileType = sourcecode.swift; path = TagViewController.swift; sourceTree = "<group>"; };
		25C2C7182AB2243900D3E970 /* Category.swift */ = {isa = PBXFileReference; lastKnownFileType = sourcecode.swift; path = Category.swift; sourceTree = "<group>"; };
		25C2C71A2AB2244600D3E970 /* Subcategory.swift */ = {isa = PBXFileReference; lastKnownFileType = sourcecode.swift; path = Subcategory.swift; sourceTree = "<group>"; };
		25C2C7202AB2258600D3E970 /* CategoryMenuViewModel.swift */ = {isa = PBXFileReference; lastKnownFileType = sourcecode.swift; path = CategoryMenuViewModel.swift; sourceTree = "<group>"; };
		25C2C7222AB225A400D3E970 /* SubcategoryMenuViewController.swift */ = {isa = PBXFileReference; lastKnownFileType = sourcecode.swift; path = SubcategoryMenuViewController.swift; sourceTree = "<group>"; };
/* End PBXFileReference section */

/* Begin PBXFrameworksBuildPhase section */
		252436492AB066CD00DC2566 /* Frameworks */ = {
			isa = PBXFrameworksBuildPhase;
			buildActionMask = 2147483647;
			files = (
				25C2C70F2AB205CD00D3E970 /* LHHelpers in Frameworks */,
				25C2C7122AB20C4100D3E970 /* LHDSComponents in Frameworks */,
			);
			runOnlyForDeploymentPostprocessing = 0;
		};
		2524365F2AB066CE00DC2566 /* Frameworks */ = {
			isa = PBXFrameworksBuildPhase;
			buildActionMask = 2147483647;
			files = (
			);
			runOnlyForDeploymentPostprocessing = 0;
		};
		252436692AB066CE00DC2566 /* Frameworks */ = {
			isa = PBXFrameworksBuildPhase;
			buildActionMask = 2147483647;
			files = (
			);
			runOnlyForDeploymentPostprocessing = 0;
		};
/* End PBXFrameworksBuildPhase section */

/* Begin PBXGroup section */
		252436432AB066CD00DC2566 = {
			isa = PBXGroup;
			children = (
				2524364E2AB066CD00DC2566 /* ComponentsSampleApp */,
				252436652AB066CE00DC2566 /* ComponentsSampleAppTests */,
				2524366F2AB066CE00DC2566 /* ComponentsSampleAppUITests */,
				2524364D2AB066CD00DC2566 /* Products */,
			);
			sourceTree = "<group>";
		};
		2524364D2AB066CD00DC2566 /* Products */ = {
			isa = PBXGroup;
			children = (
				2524364C2AB066CD00DC2566 /* ComponentsSampleApp.app */,
				252436622AB066CE00DC2566 /* ComponentsSampleAppTests.xctest */,
				2524366C2AB066CE00DC2566 /* ComponentsSampleAppUITests.xctest */,
			);
			name = Products;
			sourceTree = "<group>";
		};
		2524364E2AB066CD00DC2566 /* ComponentsSampleApp */ = {
			isa = PBXGroup;
			children = (
				25C2C71F2AB2257C00D3E970 /* ViewModel */,
				25C2C71C2AB2255000D3E970 /* Controllers */,
				25C2C7172AB2242E00D3E970 /* Models */,
				2524364F2AB066CD00DC2566 /* AppDelegate.swift */,
				252436512AB066CD00DC2566 /* SceneDelegate.swift */,
				252436552AB066CD00DC2566 /* Main.storyboard */,
				252436582AB066CE00DC2566 /* Assets.xcassets */,
				2524365A2AB066CE00DC2566 /* LaunchScreen.storyboard */,
				2524365D2AB066CE00DC2566 /* Info.plist */,
				25C2C7222AB225A400D3E970 /* SubcategoryMenuViewController.swift */,
			);
			path = ComponentsSampleApp;
			sourceTree = "<group>";
		};
		252436652AB066CE00DC2566 /* ComponentsSampleAppTests */ = {
			isa = PBXGroup;
			children = (
				252436662AB066CE00DC2566 /* ComponentsSampleAppTests.swift */,
			);
			path = ComponentsSampleAppTests;
			sourceTree = "<group>";
		};
		2524366F2AB066CE00DC2566 /* ComponentsSampleAppUITests */ = {
			isa = PBXGroup;
			children = (
				252436702AB066CE00DC2566 /* ComponentsSampleAppUITests.swift */,
				252436722AB066CE00DC2566 /* ComponentsSampleAppUITestsLaunchTests.swift */,
			);
			path = ComponentsSampleAppUITests;
			sourceTree = "<group>";
		};
		255892622AB228B0003E26A2 /* Buttons */ = {
			isa = PBXGroup;
			children = (
			);
			path = Buttons;
			sourceTree = "<group>";
		};
		25C2C7172AB2242E00D3E970 /* Models */ = {
			isa = PBXGroup;
			children = (
				25C2C7182AB2243900D3E970 /* Category.swift */,
				25C2C71A2AB2244600D3E970 /* Subcategory.swift */,
			);
			path = Models;
			sourceTree = "<group>";
		};
		25C2C71C2AB2255000D3E970 /* Controllers */ = {
			isa = PBXGroup;
			children = (
				25C2C71D2AB2255800D3E970 /* Components */,
				252436532AB066CD00DC2566 /* CategoryMenuViewController.swift */,
			);
			path = Controllers;
			sourceTree = "<group>";
		};
		25C2C71D2AB2255800D3E970 /* Components */ = {
			isa = PBXGroup;
			children = (
				255892622AB228B0003E26A2 /* Buttons */,
				25C2C71E2AB2256C00D3E970 /* Collections */,
			);
			path = Components;
			sourceTree = "<group>";
		};
		25C2C71E2AB2256C00D3E970 /* Collections */ = {
			isa = PBXGroup;
			children = (
				25C2C7132AB20C5A00D3E970 /* TagViewController.swift */,
			);
			path = Collections;
			sourceTree = "<group>";
		};
		25C2C71F2AB2257C00D3E970 /* ViewModel */ = {
			isa = PBXGroup;
			children = (
				25C2C7202AB2258600D3E970 /* CategoryMenuViewModel.swift */,
			);
			path = ViewModel;
			sourceTree = "<group>";
		};
/* End PBXGroup section */

/* Begin PBXNativeTarget section */
		2524364B2AB066CD00DC2566 /* ComponentsSampleApp */ = {
			isa = PBXNativeTarget;
			buildConfigurationList = 252436762AB066CE00DC2566 /* Build configuration list for PBXNativeTarget "ComponentsSampleApp" */;
			buildPhases = (
				252436482AB066CD00DC2566 /* Sources */,
				252436492AB066CD00DC2566 /* Frameworks */,
				2524364A2AB066CD00DC2566 /* Resources */,
			);
			buildRules = (
			);
			dependencies = (
			);
			name = ComponentsSampleApp;
			packageProductDependencies = (
				25C2C70E2AB205CD00D3E970 /* LHHelpers */,
				25C2C7112AB20C4100D3E970 /* LHDSComponents */,
			);
			productName = ComponentsSampleApp;
			productReference = 2524364C2AB066CD00DC2566 /* ComponentsSampleApp.app */;
			productType = "com.apple.product-type.application";
		};
		252436612AB066CE00DC2566 /* ComponentsSampleAppTests */ = {
			isa = PBXNativeTarget;
			buildConfigurationList = 252436792AB066CE00DC2566 /* Build configuration list for PBXNativeTarget "ComponentsSampleAppTests" */;
			buildPhases = (
				2524365E2AB066CE00DC2566 /* Sources */,
				2524365F2AB066CE00DC2566 /* Frameworks */,
				252436602AB066CE00DC2566 /* Resources */,
			);
			buildRules = (
			);
			dependencies = (
				252436642AB066CE00DC2566 /* PBXTargetDependency */,
			);
			name = ComponentsSampleAppTests;
			productName = ComponentsSampleAppTests;
			productReference = 252436622AB066CE00DC2566 /* ComponentsSampleAppTests.xctest */;
			productType = "com.apple.product-type.bundle.unit-test";
		};
		2524366B2AB066CE00DC2566 /* ComponentsSampleAppUITests */ = {
			isa = PBXNativeTarget;
			buildConfigurationList = 2524367C2AB066CE00DC2566 /* Build configuration list for PBXNativeTarget "ComponentsSampleAppUITests" */;
			buildPhases = (
				252436682AB066CE00DC2566 /* Sources */,
				252436692AB066CE00DC2566 /* Frameworks */,
				2524366A2AB066CE00DC2566 /* Resources */,
			);
			buildRules = (
			);
			dependencies = (
				2524366E2AB066CE00DC2566 /* PBXTargetDependency */,
			);
			name = ComponentsSampleAppUITests;
			productName = ComponentsSampleAppUITests;
			productReference = 2524366C2AB066CE00DC2566 /* ComponentsSampleAppUITests.xctest */;
			productType = "com.apple.product-type.bundle.ui-testing";
		};
/* End PBXNativeTarget section */

/* Begin PBXProject section */
		252436442AB066CD00DC2566 /* Project object */ = {
			isa = PBXProject;
			attributes = {
				BuildIndependentTargetsInParallel = 1;
				LastSwiftUpdateCheck = 1430;
				LastUpgradeCheck = 1430;
				TargetAttributes = {
					2524364B2AB066CD00DC2566 = {
						CreatedOnToolsVersion = 14.3.1;
					};
					252436612AB066CE00DC2566 = {
						CreatedOnToolsVersion = 14.3.1;
						TestTargetID = 2524364B2AB066CD00DC2566;
					};
					2524366B2AB066CE00DC2566 = {
						CreatedOnToolsVersion = 14.3.1;
						TestTargetID = 2524364B2AB066CD00DC2566;
					};
				};
			};
			buildConfigurationList = 252436472AB066CD00DC2566 /* Build configuration list for PBXProject "ComponentsSampleApp" */;
			compatibilityVersion = "Xcode 14.0";
			developmentRegion = en;
			hasScannedForEncodings = 0;
			knownRegions = (
				en,
				Base,
			);
			mainGroup = 252436432AB066CD00DC2566;
			packageReferences = (
				25C2C70D2AB205CD00D3E970 /* XCRemoteSwiftPackageReference "LHHelpers" */,
				25C2C7102AB20C4100D3E970 /* XCRemoteSwiftPackageReference "LHDSComponents" */,
			);
			productRefGroup = 2524364D2AB066CD00DC2566 /* Products */;
			projectDirPath = "";
			projectRoot = "";
			targets = (
				2524364B2AB066CD00DC2566 /* ComponentsSampleApp */,
				252436612AB066CE00DC2566 /* ComponentsSampleAppTests */,
				2524366B2AB066CE00DC2566 /* ComponentsSampleAppUITests */,
			);
		};
/* End PBXProject section */

/* Begin PBXResourcesBuildPhase section */
		2524364A2AB066CD00DC2566 /* Resources */ = {
			isa = PBXResourcesBuildPhase;
			buildActionMask = 2147483647;
			files = (
				2524365C2AB066CE00DC2566 /* LaunchScreen.storyboard in Resources */,
				252436592AB066CE00DC2566 /* Assets.xcassets in Resources */,
				252436572AB066CD00DC2566 /* Main.storyboard in Resources */,
			);
			runOnlyForDeploymentPostprocessing = 0;
		};
		252436602AB066CE00DC2566 /* Resources */ = {
			isa = PBXResourcesBuildPhase;
			buildActionMask = 2147483647;
			files = (
			);
			runOnlyForDeploymentPostprocessing = 0;
		};
		2524366A2AB066CE00DC2566 /* Resources */ = {
			isa = PBXResourcesBuildPhase;
			buildActionMask = 2147483647;
			files = (
			);
			runOnlyForDeploymentPostprocessing = 0;
		};
/* End PBXResourcesBuildPhase section */

/* Begin PBXSourcesBuildPhase section */
		252436482AB066CD00DC2566 /* Sources */ = {
			isa = PBXSourcesBuildPhase;
			buildActionMask = 2147483647;
			files = (
				252436542AB066CD00DC2566 /* CategoryMenuViewController.swift in Sources */,
				25C2C7212AB2258600D3E970 /* CategoryMenuViewModel.swift in Sources */,
				25C2C7232AB225A400D3E970 /* SubcategoryMenuViewController.swift in Sources */,
				25C2C7192AB2243900D3E970 /* Category.swift in Sources */,
				25C2C71B2AB2244600D3E970 /* Subcategory.swift in Sources */,
				25C2C7142AB20C5A00D3E970 /* TagViewController.swift in Sources */,
				252436502AB066CD00DC2566 /* AppDelegate.swift in Sources */,
				252436522AB066CD00DC2566 /* SceneDelegate.swift in Sources */,
			);
			runOnlyForDeploymentPostprocessing = 0;
		};
		2524365E2AB066CE00DC2566 /* Sources */ = {
			isa = PBXSourcesBuildPhase;
			buildActionMask = 2147483647;
			files = (
				252436672AB066CE00DC2566 /* ComponentsSampleAppTests.swift in Sources */,
			);
			runOnlyForDeploymentPostprocessing = 0;
		};
		252436682AB066CE00DC2566 /* Sources */ = {
			isa = PBXSourcesBuildPhase;
			buildActionMask = 2147483647;
			files = (
				252436732AB066CE00DC2566 /* ComponentsSampleAppUITestsLaunchTests.swift in Sources */,
				252436712AB066CE00DC2566 /* ComponentsSampleAppUITests.swift in Sources */,
			);
			runOnlyForDeploymentPostprocessing = 0;
		};
/* End PBXSourcesBuildPhase section */

/* Begin PBXTargetDependency section */
		252436642AB066CE00DC2566 /* PBXTargetDependency */ = {
			isa = PBXTargetDependency;
			target = 2524364B2AB066CD00DC2566 /* ComponentsSampleApp */;
			targetProxy = 252436632AB066CE00DC2566 /* PBXContainerItemProxy */;
		};
		2524366E2AB066CE00DC2566 /* PBXTargetDependency */ = {
			isa = PBXTargetDependency;
			target = 2524364B2AB066CD00DC2566 /* ComponentsSampleApp */;
			targetProxy = 2524366D2AB066CE00DC2566 /* PBXContainerItemProxy */;
		};
/* End PBXTargetDependency section */

/* Begin PBXVariantGroup section */
		252436552AB066CD00DC2566 /* Main.storyboard */ = {
			isa = PBXVariantGroup;
			children = (
				252436562AB066CD00DC2566 /* Base */,
			);
			name = Main.storyboard;
			sourceTree = "<group>";
		};
		2524365A2AB066CE00DC2566 /* LaunchScreen.storyboard */ = {
			isa = PBXVariantGroup;
			children = (
				2524365B2AB066CE00DC2566 /* Base */,
			);
			name = LaunchScreen.storyboard;
			sourceTree = "<group>";
		};
/* End PBXVariantGroup section */

/* Begin XCBuildConfiguration section */
		252436742AB066CE00DC2566 /* Debug */ = {
			isa = XCBuildConfiguration;
			buildSettings = {
				ALWAYS_SEARCH_USER_PATHS = NO;
				CLANG_ANALYZER_NONNULL = YES;
				CLANG_ANALYZER_NUMBER_OBJECT_CONVERSION = YES_AGGRESSIVE;
				CLANG_CXX_LANGUAGE_STANDARD = "gnu++20";
				CLANG_ENABLE_MODULES = YES;
				CLANG_ENABLE_OBJC_ARC = YES;
				CLANG_ENABLE_OBJC_WEAK = YES;
				CLANG_WARN_BLOCK_CAPTURE_AUTORELEASING = YES;
				CLANG_WARN_BOOL_CONVERSION = YES;
				CLANG_WARN_COMMA = YES;
				CLANG_WARN_CONSTANT_CONVERSION = YES;
				CLANG_WARN_DEPRECATED_OBJC_IMPLEMENTATIONS = YES;
				CLANG_WARN_DIRECT_OBJC_ISA_USAGE = YES_ERROR;
				CLANG_WARN_DOCUMENTATION_COMMENTS = YES;
				CLANG_WARN_EMPTY_BODY = YES;
				CLANG_WARN_ENUM_CONVERSION = YES;
				CLANG_WARN_INFINITE_RECURSION = YES;
				CLANG_WARN_INT_CONVERSION = YES;
				CLANG_WARN_NON_LITERAL_NULL_CONVERSION = YES;
				CLANG_WARN_OBJC_IMPLICIT_RETAIN_SELF = YES;
				CLANG_WARN_OBJC_LITERAL_CONVERSION = YES;
				CLANG_WARN_OBJC_ROOT_CLASS = YES_ERROR;
				CLANG_WARN_QUOTED_INCLUDE_IN_FRAMEWORK_HEADER = YES;
				CLANG_WARN_RANGE_LOOP_ANALYSIS = YES;
				CLANG_WARN_STRICT_PROTOTYPES = YES;
				CLANG_WARN_SUSPICIOUS_MOVE = YES;
				CLANG_WARN_UNGUARDED_AVAILABILITY = YES_AGGRESSIVE;
				CLANG_WARN_UNREACHABLE_CODE = YES;
				CLANG_WARN__DUPLICATE_METHOD_MATCH = YES;
				COPY_PHASE_STRIP = NO;
				DEBUG_INFORMATION_FORMAT = dwarf;
				ENABLE_STRICT_OBJC_MSGSEND = YES;
				ENABLE_TESTABILITY = YES;
				GCC_C_LANGUAGE_STANDARD = gnu11;
				GCC_DYNAMIC_NO_PIC = NO;
				GCC_NO_COMMON_BLOCKS = YES;
				GCC_OPTIMIZATION_LEVEL = 0;
				GCC_PREPROCESSOR_DEFINITIONS = (
					"DEBUG=1",
					"$(inherited)",
				);
				GCC_WARN_64_TO_32_BIT_CONVERSION = YES;
				GCC_WARN_ABOUT_RETURN_TYPE = YES_ERROR;
				GCC_WARN_UNDECLARED_SELECTOR = YES;
				GCC_WARN_UNINITIALIZED_AUTOS = YES_AGGRESSIVE;
				GCC_WARN_UNUSED_FUNCTION = YES;
				GCC_WARN_UNUSED_VARIABLE = YES;
				IPHONEOS_DEPLOYMENT_TARGET = 16.4;
				MTL_ENABLE_DEBUG_INFO = INCLUDE_SOURCE;
				MTL_FAST_MATH = YES;
				ONLY_ACTIVE_ARCH = YES;
				SDKROOT = iphoneos;
				SWIFT_ACTIVE_COMPILATION_CONDITIONS = DEBUG;
				SWIFT_OPTIMIZATION_LEVEL = "-Onone";
			};
			name = Debug;
		};
		252436752AB066CE00DC2566 /* Release */ = {
			isa = XCBuildConfiguration;
			buildSettings = {
				ALWAYS_SEARCH_USER_PATHS = NO;
				CLANG_ANALYZER_NONNULL = YES;
				CLANG_ANALYZER_NUMBER_OBJECT_CONVERSION = YES_AGGRESSIVE;
				CLANG_CXX_LANGUAGE_STANDARD = "gnu++20";
				CLANG_ENABLE_MODULES = YES;
				CLANG_ENABLE_OBJC_ARC = YES;
				CLANG_ENABLE_OBJC_WEAK = YES;
				CLANG_WARN_BLOCK_CAPTURE_AUTORELEASING = YES;
				CLANG_WARN_BOOL_CONVERSION = YES;
				CLANG_WARN_COMMA = YES;
				CLANG_WARN_CONSTANT_CONVERSION = YES;
				CLANG_WARN_DEPRECATED_OBJC_IMPLEMENTATIONS = YES;
				CLANG_WARN_DIRECT_OBJC_ISA_USAGE = YES_ERROR;
				CLANG_WARN_DOCUMENTATION_COMMENTS = YES;
				CLANG_WARN_EMPTY_BODY = YES;
				CLANG_WARN_ENUM_CONVERSION = YES;
				CLANG_WARN_INFINITE_RECURSION = YES;
				CLANG_WARN_INT_CONVERSION = YES;
				CLANG_WARN_NON_LITERAL_NULL_CONVERSION = YES;
				CLANG_WARN_OBJC_IMPLICIT_RETAIN_SELF = YES;
				CLANG_WARN_OBJC_LITERAL_CONVERSION = YES;
				CLANG_WARN_OBJC_ROOT_CLASS = YES_ERROR;
				CLANG_WARN_QUOTED_INCLUDE_IN_FRAMEWORK_HEADER = YES;
				CLANG_WARN_RANGE_LOOP_ANALYSIS = YES;
				CLANG_WARN_STRICT_PROTOTYPES = YES;
				CLANG_WARN_SUSPICIOUS_MOVE = YES;
				CLANG_WARN_UNGUARDED_AVAILABILITY = YES_AGGRESSIVE;
				CLANG_WARN_UNREACHABLE_CODE = YES;
				CLANG_WARN__DUPLICATE_METHOD_MATCH = YES;
				COPY_PHASE_STRIP = NO;
				DEBUG_INFORMATION_FORMAT = "dwarf-with-dsym";
				ENABLE_NS_ASSERTIONS = NO;
				ENABLE_STRICT_OBJC_MSGSEND = YES;
				GCC_C_LANGUAGE_STANDARD = gnu11;
				GCC_NO_COMMON_BLOCKS = YES;
				GCC_WARN_64_TO_32_BIT_CONVERSION = YES;
				GCC_WARN_ABOUT_RETURN_TYPE = YES_ERROR;
				GCC_WARN_UNDECLARED_SELECTOR = YES;
				GCC_WARN_UNINITIALIZED_AUTOS = YES_AGGRESSIVE;
				GCC_WARN_UNUSED_FUNCTION = YES;
				GCC_WARN_UNUSED_VARIABLE = YES;
				IPHONEOS_DEPLOYMENT_TARGET = 16.4;
				MTL_ENABLE_DEBUG_INFO = NO;
				MTL_FAST_MATH = YES;
				SDKROOT = iphoneos;
				SWIFT_COMPILATION_MODE = wholemodule;
				SWIFT_OPTIMIZATION_LEVEL = "-O";
				VALIDATE_PRODUCT = YES;
			};
			name = Release;
		};
		252436772AB066CE00DC2566 /* Debug */ = {
			isa = XCBuildConfiguration;
			buildSettings = {
				ASSETCATALOG_COMPILER_APPICON_NAME = AppIcon;
				ASSETCATALOG_COMPILER_GLOBAL_ACCENT_COLOR_NAME = AccentColor;
				CODE_SIGN_STYLE = Automatic;
				CURRENT_PROJECT_VERSION = 1;
				DEVELOPMENT_TEAM = M2DD4Z95YZ;
				GENERATE_INFOPLIST_FILE = YES;
				INFOPLIST_FILE = ComponentsSampleApp/Info.plist;
				INFOPLIST_KEY_UIApplicationSupportsIndirectInputEvents = YES;
				INFOPLIST_KEY_UILaunchStoryboardName = LaunchScreen;
				INFOPLIST_KEY_UISupportedInterfaceOrientations_iPad = "UIInterfaceOrientationPortrait UIInterfaceOrientationPortraitUpsideDown UIInterfaceOrientationLandscapeLeft UIInterfaceOrientationLandscapeRight";
				INFOPLIST_KEY_UISupportedInterfaceOrientations_iPhone = "UIInterfaceOrientationPortrait UIInterfaceOrientationLandscapeLeft UIInterfaceOrientationLandscapeRight";
				LD_RUNPATH_SEARCH_PATHS = (
					"$(inherited)",
					"@executable_path/Frameworks",
				);
				MARKETING_VERSION = 1.0;
				PRODUCT_BUNDLE_IDENTIFIER = LuizHammerli.ComponentsSampleApp;
				PRODUCT_NAME = "$(TARGET_NAME)";
				SWIFT_EMIT_LOC_STRINGS = YES;
				SWIFT_VERSION = 5.0;
				TARGETED_DEVICE_FAMILY = "1,2";
			};
			name = Debug;
		};
		252436782AB066CE00DC2566 /* Release */ = {
			isa = XCBuildConfiguration;
			buildSettings = {
				ASSETCATALOG_COMPILER_APPICON_NAME = AppIcon;
				ASSETCATALOG_COMPILER_GLOBAL_ACCENT_COLOR_NAME = AccentColor;
				CODE_SIGN_STYLE = Automatic;
				CURRENT_PROJECT_VERSION = 1;
				DEVELOPMENT_TEAM = M2DD4Z95YZ;
				GENERATE_INFOPLIST_FILE = YES;
				INFOPLIST_FILE = ComponentsSampleApp/Info.plist;
				INFOPLIST_KEY_UIApplicationSupportsIndirectInputEvents = YES;
				INFOPLIST_KEY_UILaunchStoryboardName = LaunchScreen;
				INFOPLIST_KEY_UISupportedInterfaceOrientations_iPad = "UIInterfaceOrientationPortrait UIInterfaceOrientationPortraitUpsideDown UIInterfaceOrientationLandscapeLeft UIInterfaceOrientationLandscapeRight";
				INFOPLIST_KEY_UISupportedInterfaceOrientations_iPhone = "UIInterfaceOrientationPortrait UIInterfaceOrientationLandscapeLeft UIInterfaceOrientationLandscapeRight";
				LD_RUNPATH_SEARCH_PATHS = (
					"$(inherited)",
					"@executable_path/Frameworks",
				);
				MARKETING_VERSION = 1.0;
				PRODUCT_BUNDLE_IDENTIFIER = LuizHammerli.ComponentsSampleApp;
				PRODUCT_NAME = "$(TARGET_NAME)";
				SWIFT_EMIT_LOC_STRINGS = YES;
				SWIFT_VERSION = 5.0;
				TARGETED_DEVICE_FAMILY = "1,2";
			};
			name = Release;
		};
		2524367A2AB066CE00DC2566 /* Debug */ = {
			isa = XCBuildConfiguration;
			buildSettings = {
				ALWAYS_EMBED_SWIFT_STANDARD_LIBRARIES = YES;
				BUNDLE_LOADER = "$(TEST_HOST)";
				CODE_SIGN_STYLE = Automatic;
				CURRENT_PROJECT_VERSION = 1;
				DEVELOPMENT_TEAM = M2DD4Z95YZ;
				GENERATE_INFOPLIST_FILE = YES;
				IPHONEOS_DEPLOYMENT_TARGET = 16.4;
				MARKETING_VERSION = 1.0;
				PRODUCT_BUNDLE_IDENTIFIER = LuizHammerli.ComponentsSampleAppTests;
				PRODUCT_NAME = "$(TARGET_NAME)";
				SWIFT_EMIT_LOC_STRINGS = NO;
				SWIFT_VERSION = 5.0;
				TARGETED_DEVICE_FAMILY = "1,2";
				TEST_HOST = "$(BUILT_PRODUCTS_DIR)/ComponentsSampleApp.app/$(BUNDLE_EXECUTABLE_FOLDER_PATH)/ComponentsSampleApp";
			};
			name = Debug;
		};
		2524367B2AB066CE00DC2566 /* Release */ = {
			isa = XCBuildConfiguration;
			buildSettings = {
				ALWAYS_EMBED_SWIFT_STANDARD_LIBRARIES = YES;
				BUNDLE_LOADER = "$(TEST_HOST)";
				CODE_SIGN_STYLE = Automatic;
				CURRENT_PROJECT_VERSION = 1;
				DEVELOPMENT_TEAM = M2DD4Z95YZ;
				GENERATE_INFOPLIST_FILE = YES;
				IPHONEOS_DEPLOYMENT_TARGET = 16.4;
				MARKETING_VERSION = 1.0;
				PRODUCT_BUNDLE_IDENTIFIER = LuizHammerli.ComponentsSampleAppTests;
				PRODUCT_NAME = "$(TARGET_NAME)";
				SWIFT_EMIT_LOC_STRINGS = NO;
				SWIFT_VERSION = 5.0;
				TARGETED_DEVICE_FAMILY = "1,2";
				TEST_HOST = "$(BUILT_PRODUCTS_DIR)/ComponentsSampleApp.app/$(BUNDLE_EXECUTABLE_FOLDER_PATH)/ComponentsSampleApp";
			};
			name = Release;
		};
		2524367D2AB066CE00DC2566 /* Debug */ = {
			isa = XCBuildConfiguration;
			buildSettings = {
				ALWAYS_EMBED_SWIFT_STANDARD_LIBRARIES = YES;
				CODE_SIGN_STYLE = Automatic;
				CURRENT_PROJECT_VERSION = 1;
				DEVELOPMENT_TEAM = M2DD4Z95YZ;
				GENERATE_INFOPLIST_FILE = YES;
				MARKETING_VERSION = 1.0;
				PRODUCT_BUNDLE_IDENTIFIER = LuizHammerli.ComponentsSampleAppUITests;
				PRODUCT_NAME = "$(TARGET_NAME)";
				SWIFT_EMIT_LOC_STRINGS = NO;
				SWIFT_VERSION = 5.0;
				TARGETED_DEVICE_FAMILY = "1,2";
				TEST_TARGET_NAME = ComponentsSampleApp;
			};
			name = Debug;
		};
		2524367E2AB066CE00DC2566 /* Release */ = {
			isa = XCBuildConfiguration;
			buildSettings = {
				ALWAYS_EMBED_SWIFT_STANDARD_LIBRARIES = YES;
				CODE_SIGN_STYLE = Automatic;
				CURRENT_PROJECT_VERSION = 1;
				DEVELOPMENT_TEAM = M2DD4Z95YZ;
				GENERATE_INFOPLIST_FILE = YES;
				MARKETING_VERSION = 1.0;
				PRODUCT_BUNDLE_IDENTIFIER = LuizHammerli.ComponentsSampleAppUITests;
				PRODUCT_NAME = "$(TARGET_NAME)";
				SWIFT_EMIT_LOC_STRINGS = NO;
				SWIFT_VERSION = 5.0;
				TARGETED_DEVICE_FAMILY = "1,2";
				TEST_TARGET_NAME = ComponentsSampleApp;
			};
			name = Release;
		};
/* End XCBuildConfiguration section */

/* Begin XCConfigurationList section */
		252436472AB066CD00DC2566 /* Build configuration list for PBXProject "ComponentsSampleApp" */ = {
			isa = XCConfigurationList;
			buildConfigurations = (
				252436742AB066CE00DC2566 /* Debug */,
				252436752AB066CE00DC2566 /* Release */,
			);
			defaultConfigurationIsVisible = 0;
			defaultConfigurationName = Release;
		};
		252436762AB066CE00DC2566 /* Build configuration list for PBXNativeTarget "ComponentsSampleApp" */ = {
			isa = XCConfigurationList;
			buildConfigurations = (
				252436772AB066CE00DC2566 /* Debug */,
				252436782AB066CE00DC2566 /* Release */,
			);
			defaultConfigurationIsVisible = 0;
			defaultConfigurationName = Release;
		};
		252436792AB066CE00DC2566 /* Build configuration list for PBXNativeTarget "ComponentsSampleAppTests" */ = {
			isa = XCConfigurationList;
			buildConfigurations = (
				2524367A2AB066CE00DC2566 /* Debug */,
				2524367B2AB066CE00DC2566 /* Release */,
			);
			defaultConfigurationIsVisible = 0;
			defaultConfigurationName = Release;
		};
		2524367C2AB066CE00DC2566 /* Build configuration list for PBXNativeTarget "ComponentsSampleAppUITests" */ = {
			isa = XCConfigurationList;
			buildConfigurations = (
				2524367D2AB066CE00DC2566 /* Debug */,
				2524367E2AB066CE00DC2566 /* Release */,
			);
			defaultConfigurationIsVisible = 0;
			defaultConfigurationName = Release;
		};
/* End XCConfigurationList section */

/* Begin XCRemoteSwiftPackageReference section */
		25C2C70D2AB205CD00D3E970 /* XCRemoteSwiftPackageReference "LHHelpers" */ = {
			isa = XCRemoteSwiftPackageReference;
			repositoryURL = "https://github.com/luizhammeli/LHHelpers.git";
			requirement = {
				kind = upToNextMajorVersion;
				minimumVersion = 1.0.0;
			};
		};
		25C2C7102AB20C4100D3E970 /* XCRemoteSwiftPackageReference "LHDSComponents" */ = {
			isa = XCRemoteSwiftPackageReference;
			repositoryURL = "https://github.com/luizhammeli/LHDSComponents";
			requirement = {
				branch = main;
				kind = branch;
			};
		};
/* End XCRemoteSwiftPackageReference section */

/* Begin XCSwiftPackageProductDependency section */
		25C2C70E2AB205CD00D3E970 /* LHHelpers */ = {
			isa = XCSwiftPackageProductDependency;
			package = 25C2C70D2AB205CD00D3E970 /* XCRemoteSwiftPackageReference "LHHelpers" */;
			productName = LHHelpers;
		};
		25C2C7112AB20C4100D3E970 /* LHDSComponents */ = {
			isa = XCSwiftPackageProductDependency;
			package = 25C2C7102AB20C4100D3E970 /* XCRemoteSwiftPackageReference "LHDSComponents" */;
			productName = LHDSComponents;
		};
/* End XCSwiftPackageProductDependency section */
	};
	rootObject = 252436442AB066CD00DC2566 /* Project object */;
}
